
Microsoft Visual Studio Solution File, Format Version 12.00
# Visual Studio Version 17
VisualStudioVersion = 17.11.35222.181
MinimumVisualStudioVersion = 10.0.40219.1
Project("{FAE04EC0-301F-11D3-BF4B-00C04F79EFBC}") = "SiswaApi", "SiswaApi\SiswaApi.csproj", "{8488AEA8-454C-4316-A8C3-7076BDD5CB97}"
EndProject
Global
	GlobalSection(SolutionConfigurationPlatforms) = preSolution
		Debug|Any CPU = Debug|Any CPU
		Release|Any CPU = Release|Any CPU
	EndGlobalSection
	GlobalSection(ProjectConfigurationPlatforms) = postSolution
		{8488AEA8-454C-4316-A8C3-7076BDD5CB97}.Debug|Any CPU.ActiveCfg = Debug|Any CPU
		{8488AEA8-454C-4316-A8C3-7076BDD5CB97}.Debug|Any CPU.Build.0 = Debug|Any CPU
		{8488AEA8-454C-4316-A8C3-7076BDD5CB97}.Release|Any CPU.ActiveCfg = Release|Any CPU
		{8488AEA8-454C-4316-A8C3-7076BDD5CB97}.Release|Any CPU.Build.0 = Release|Any CPU
	EndGlobalSection
	GlobalSection(SolutionProperties) = preSolution
		HideSolutionNode = FALSE
	EndGlobalSection
	GlobalSection(ExtensibilityGlobals) = postSolution
		SolutionGuid = {26FB65D6-07F7-4ECF-9A25-EB9A93C155B4}
	EndGlobalSection
EndGlobal
